# THIS IS AN AUTOGENERATED FILE. DO NOT EDIT THIS FILE DIRECTLY.
# yarn lockfile v1


"@trunkio/launcher@^1.2.4":
  version "1.2.4"
  resolved "https://registry.yarnpkg.com/@trunkio/launcher/-/launcher-1.2.4.tgz#ccc1ed8382b2f693e37618e7b9689c1b11083d16"
  integrity sha512-6pR+KevJ+qpUqFBH6mtaclimdE+O9uYb8WXBGj0nT/RfLUUYkL2EEKDq5gaaPLiwBn6LghGTe1gTlvht79GDfQ==
